
Microsoft Visual Studio Solution File, Format Version 12.00
# Visual Studio Version 16
VisualStudioVersion = 16.0.30114.105
MinimumVisualStudioVersion = 10.0.40219.1
Project("{2150E333-8FDC-42A3-9474-1A3956D46DE8}") = "1 - API", "1 - API", "{3E34C055-F51F-4B97-B30B-70EE8B3577DF}"
EndProject
Project("{9A19103F-16F7-4668-BE54-9A1E7A4F7556}") = "Chat.WebAPI", "Chat.WebAPI\Chat.WebAPI.csproj", "{CA8F0C79-BAAB-48F9-9382-ABCF9E93D88B}"
EndProject
Project("{2150E333-8FDC-42A3-9474-1A3956D46DE8}") = "4 - Infra", "4 - Infra", "{DE34AB1E-6F74-40F3-A78F-DB137239153D}"
EndProject
Project("{9A19103F-16F7-4668-BE54-9A1E7A4F7556}") = "Chat.Infra.CrossCutting.IoC", "Chat.Infra.CrossCutting.IoC\Chat.Infra.CrossCutting.IoC.csproj", "{3C5A48C0-C248-45A5-9918-39197CEF59FA}"
EndProject
Project("{2150E333-8FDC-42A3-9474-1A3956D46DE8}") = "4.2 - CrossCutting", "4.2 - CrossCutting", "{109999FF-E95E-42D6-A51A-775219FE1364}"
EndProject
Project("{2150E333-8FDC-42A3-9474-1A3956D46DE8}") = "4.1 - Data", "4.1 - Data", "{4B2795F5-24BA-432E-8E4A-248184E4CEB2}"
EndProject
Project("{9A19103F-16F7-4668-BE54-9A1E7A4F7556}") = "Chat.Infra.Data", "Chat.Infra.Data\Chat.Infra.Data.csproj", "{52FD124C-6B34-41ED-AF24-1B38252C4713}"
EndProject
Project("{2150E333-8FDC-42A3-9474-1A3956D46DE8}") = "3 - Domain", "3 - Domain", "{EAD55CBB-42ED-4098-9EA9-6F0A99D87AFA}"
EndProject
Project("{9A19103F-16F7-4668-BE54-9A1E7A4F7556}") = "Chat.Domain", "Chat.Domain\Chat.Domain.csproj", "{5F368662-75B0-4C86-9702-46D85078B262}"
EndProject
Project("{2150E333-8FDC-42A3-9474-1A3956D46DE8}") = "2 - Services", "2 - Services", "{A1C0734B-5098-4918-B625-6C6A89C583AD}"
EndProject
Project("{FAE04EC0-301F-11D3-BF4B-00C04F79EFBC}") = "Chat.Services", "Chat.Services\Chat.Services.csproj", "{1141B8B4-821B-4582-8CEF-2F3BD7A5DCEF}"
EndProject
Global
	GlobalSection(SolutionConfigurationPlatforms) = preSolution
		Debug|Any CPU = Debug|Any CPU
		Release|Any CPU = Release|Any CPU
	EndGlobalSection
	GlobalSection(ProjectConfigurationPlatforms) = postSolution
		{CA8F0C79-BAAB-48F9-9382-ABCF9E93D88B}.Debug|Any CPU.ActiveCfg = Debug|Any CPU
		{CA8F0C79-BAAB-48F9-9382-ABCF9E93D88B}.Debug|Any CPU.Build.0 = Debug|Any CPU
		{CA8F0C79-BAAB-48F9-9382-ABCF9E93D88B}.Release|Any CPU.ActiveCfg = Release|Any CPU
		{CA8F0C79-BAAB-48F9-9382-ABCF9E93D88B}.Release|Any CPU.Build.0 = Release|Any CPU
		{3C5A48C0-C248-45A5-9918-39197CEF59FA}.Debug|Any CPU.ActiveCfg = Debug|Any CPU
		{3C5A48C0-C248-45A5-9918-39197CEF59FA}.Debug|Any CPU.Build.0 = Debug|Any CPU
		{3C5A48C0-C248-45A5-9918-39197CEF59FA}.Release|Any CPU.ActiveCfg = Release|Any CPU
		{3C5A48C0-C248-45A5-9918-39197CEF59FA}.Release|Any CPU.Build.0 = Release|Any CPU
		{52FD124C-6B34-41ED-AF24-1B38252C4713}.Debug|Any CPU.ActiveCfg = Debug|Any CPU
		{52FD124C-6B34-41ED-AF24-1B38252C4713}.Debug|Any CPU.Build.0 = Debug|Any CPU
		{52FD124C-6B34-41ED-AF24-1B38252C4713}.Release|Any CPU.ActiveCfg = Release|Any CPU
		{52FD124C-6B34-41ED-AF24-1B38252C4713}.Release|Any CPU.Build.0 = Release|Any CPU
		{5F368662-75B0-4C86-9702-46D85078B262}.Debug|Any CPU.ActiveCfg = Debug|Any CPU
		{5F368662-75B0-4C86-9702-46D85078B262}.Debug|Any CPU.Build.0 = Debug|Any CPU
		{5F368662-75B0-4C86-9702-46D85078B262}.Release|Any CPU.ActiveCfg = Release|Any CPU
		{5F368662-75B0-4C86-9702-46D85078B262}.Release|Any CPU.Build.0 = Release|Any CPU
		{1141B8B4-821B-4582-8CEF-2F3BD7A5DCEF}.Debug|Any CPU.ActiveCfg = Debug|Any CPU
		{1141B8B4-821B-4582-8CEF-2F3BD7A5DCEF}.Debug|Any CPU.Build.0 = Debug|Any CPU
		{1141B8B4-821B-4582-8CEF-2F3BD7A5DCEF}.Release|Any CPU.ActiveCfg = Release|Any CPU
		{1141B8B4-821B-4582-8CEF-2F3BD7A5DCEF}.Release|Any CPU.Build.0 = Release|Any CPU
	EndGlobalSection
	GlobalSection(SolutionProperties) = preSolution
		HideSolutionNode = FALSE
	EndGlobalSection
	GlobalSection(NestedProjects) = preSolution
		{CA8F0C79-BAAB-48F9-9382-ABCF9E93D88B} = {3E34C055-F51F-4B97-B30B-70EE8B3577DF}
		{3C5A48C0-C248-45A5-9918-39197CEF59FA} = {109999FF-E95E-42D6-A51A-775219FE1364}
		{109999FF-E95E-42D6-A51A-775219FE1364} = {DE34AB1E-6F74-40F3-A78F-DB137239153D}
		{4B2795F5-24BA-432E-8E4A-248184E4CEB2} = {DE34AB1E-6F74-40F3-A78F-DB137239153D}
		{52FD124C-6B34-41ED-AF24-1B38252C4713} = {4B2795F5-24BA-432E-8E4A-248184E4CEB2}
		{5F368662-75B0-4C86-9702-46D85078B262} = {EAD55CBB-42ED-4098-9EA9-6F0A99D87AFA}
		{1141B8B4-821B-4582-8CEF-2F3BD7A5DCEF} = {A1C0734B-5098-4918-B625-6C6A89C583AD}
	EndGlobalSection
	GlobalSection(ExtensibilityGlobals) = postSolution
		SolutionGuid = {19194FE6-8072-4399-8CC9-34839FBFABEB}
	EndGlobalSection
EndGlobal
